
Microsoft Visual Studio Solution File, Format Version 12.00
# Visual Studio 15
VisualStudioVersion = 15.0.27703.2000
MinimumVisualStudioVersion = 10.0.40219.1
Project("{FAE04EC0-301F-11D3-BF4B-00C04F79EFBC}") = "Zombie", "Zombie\Zombie.csproj", "{5795A217-1892-4A10-B505-625FBC6CD765}"
EndProject
Project("{FAE04EC0-301F-11D3-BF4B-00C04F79EFBC}") = "ZombieService", "ZombieService\ZombieService.csproj", "{512E67A1-5D95-4153-884D-F7EAF58E9DFB}"
EndProject
Project("{FAE04EC0-301F-11D3-BF4B-00C04F79EFBC}") = "ZombieUtilities", "ZombieUtilities\ZombieUtilities.csproj", "{84E63918-6D2C-42D9-8F2E-F43B70327F36}"
EndProject
Project("{FAE04EC0-301F-11D3-BF4B-00C04F79EFBC}") = "ZombieUpdater", "ZombieUpdater\ZombieUpdater.csproj", "{F33D8820-5F83-40A3-A2F6-97AD8E7BC018}"
EndProject
Project("{930C7802-8A8C-48F9-8165-68863BCCD9DD}") = "ZombieInstaller", "ZombieInstaller\ZombieInstaller.wixproj", "{F92740EF-78EC-49BB-907F-655FCD7B71C1}"
	ProjectSection(ProjectDependencies) = postProject
		{5795A217-1892-4A10-B505-625FBC6CD765} = {5795A217-1892-4A10-B505-625FBC6CD765}
		{84E63918-6D2C-42D9-8F2E-F43B70327F36} = {84E63918-6D2C-42D9-8F2E-F43B70327F36}
	EndProjectSection
EndProject
Global
	GlobalSection(SolutionConfigurationPlatforms) = preSolution
		Debug|Any CPU = Debug|Any CPU
		Debug|x64 = Debug|x64
		Debug|x86 = Debug|x86
		Release|Any CPU = Release|Any CPU
		Release|x64 = Release|x64
		Release|x86 = Release|x86
	EndGlobalSection
	GlobalSection(ProjectConfigurationPlatforms) = postSolution
		{5795A217-1892-4A10-B505-625FBC6CD765}.Debug|Any CPU.ActiveCfg = Debug|Any CPU
		{5795A217-1892-4A10-B505-625FBC6CD765}.Debug|Any CPU.Build.0 = Debug|Any CPU
		{5795A217-1892-4A10-B505-625FBC6CD765}.Debug|x64.ActiveCfg = Debug|Any CPU
		{5795A217-1892-4A10-B505-625FBC6CD765}.Debug|x64.Build.0 = Debug|Any CPU
		{5795A217-1892-4A10-B505-625FBC6CD765}.Debug|x86.ActiveCfg = Debug|Any CPU
		{5795A217-1892-4A10-B505-625FBC6CD765}.Debug|x86.Build.0 = Debug|Any CPU
		{5795A217-1892-4A10-B505-625FBC6CD765}.Release|Any CPU.ActiveCfg = Release|Any CPU
		{5795A217-1892-4A10-B505-625FBC6CD765}.Release|Any CPU.Build.0 = Release|Any CPU
		{5795A217-1892-4A10-B505-625FBC6CD765}.Release|x64.ActiveCfg = Release|Any CPU
		{5795A217-1892-4A10-B505-625FBC6CD765}.Release|x86.ActiveCfg = Release|Any CPU
		{512E67A1-5D95-4153-884D-F7EAF58E9DFB}.Debug|Any CPU.ActiveCfg = Debug|Any CPU
		{512E67A1-5D95-4153-884D-F7EAF58E9DFB}.Debug|Any CPU.Build.0 = Debug|Any CPU
		{512E67A1-5D95-4153-884D-F7EAF58E9DFB}.Debug|x64.ActiveCfg = Debug|Any CPU
		{512E67A1-5D95-4153-884D-F7EAF58E9DFB}.Debug|x64.Build.0 = Debug|Any CPU
		{512E67A1-5D95-4153-884D-F7EAF58E9DFB}.Debug|x86.ActiveCfg = Debug|Any CPU
		{512E67A1-5D95-4153-884D-F7EAF58E9DFB}.Debug|x86.Build.0 = Debug|Any CPU
		{512E67A1-5D95-4153-884D-F7EAF58E9DFB}.Release|Any CPU.ActiveCfg = Release|Any CPU
		{512E67A1-5D95-4153-884D-F7EAF58E9DFB}.Release|Any CPU.Build.0 = Release|Any CPU
		{512E67A1-5D95-4153-884D-F7EAF58E9DFB}.Release|x64.ActiveCfg = Release|Any CPU
		{512E67A1-5D95-4153-884D-F7EAF58E9DFB}.Release|x86.ActiveCfg = Release|Any CPU
		{84E63918-6D2C-42D9-8F2E-F43B70327F36}.Debug|Any CPU.ActiveCfg = Debug|Any CPU
		{84E63918-6D2C-42D9-8F2E-F43B70327F36}.Debug|Any CPU.Build.0 = Debug|Any CPU
		{84E63918-6D2C-42D9-8F2E-F43B70327F36}.Debug|x64.ActiveCfg = Debug|Any CPU
		{84E63918-6D2C-42D9-8F2E-F43B70327F36}.Debug|x64.Build.0 = Debug|Any CPU
		{84E63918-6D2C-42D9-8F2E-F43B70327F36}.Debug|x86.ActiveCfg = Debug|Any CPU
		{84E63918-6D2C-42D9-8F2E-F43B70327F36}.Debug|x86.Build.0 = Debug|Any CPU
		{84E63918-6D2C-42D9-8F2E-F43B70327F36}.Release|Any CPU.ActiveCfg = Release|Any CPU
		{84E63918-6D2C-42D9-8F2E-F43B70327F36}.Release|Any CPU.Build.0 = Release|Any CPU
		{84E63918-6D2C-42D9-8F2E-F43B70327F36}.Release|x64.ActiveCfg = Release|Any CPU
		{84E63918-6D2C-42D9-8F2E-F43B70327F36}.Release|x86.ActiveCfg = Release|Any CPU
		{F33D8820-5F83-40A3-A2F6-97AD8E7BC018}.Debug|Any CPU.ActiveCfg = Debug|Any CPU
		{F33D8820-5F83-40A3-A2F6-97AD8E7BC018}.Debug|Any CPU.Build.0 = Debug|Any CPU
		{F33D8820-5F83-40A3-A2F6-97AD8E7BC018}.Debug|x64.ActiveCfg = Debug|Any CPU
		{F33D8820-5F83-40A3-A2F6-97AD8E7BC018}.Debug|x64.Build.0 = Debug|Any CPU
		{F33D8820-5F83-40A3-A2F6-97AD8E7BC018}.Debug|x86.ActiveCfg = Debug|Any CPU
		{F33D8820-5F83-40A3-A2F6-97AD8E7BC018}.Debug|x86.Build.0 = Debug|Any CPU
		{F33D8820-5F83-40A3-A2F6-97AD8E7BC018}.Release|Any CPU.ActiveCfg = Release|Any CPU
		{F33D8820-5F83-40A3-A2F6-97AD8E7BC018}.Release|Any CPU.Build.0 = Release|Any CPU
		{F33D8820-5F83-40A3-A2F6-97AD8E7BC018}.Release|x64.ActiveCfg = Release|Any CPU
		{F33D8820-5F83-40A3-A2F6-97AD8E7BC018}.Release|x64.Build.0 = Release|Any CPU
		{F33D8820-5F83-40A3-A2F6-97AD8E7BC018}.Release|x86.ActiveCfg = Release|Any CPU
		{F33D8820-5F83-40A3-A2F6-97AD8E7BC018}.Release|x86.Build.0 = Release|Any CPU
		{F92740EF-78EC-49BB-907F-655FCD7B71C1}.Debug|Any CPU.ActiveCfg = Debug|x86
		{F92740EF-78EC-49BB-907F-655FCD7B71C1}.Debug|Any CPU.Build.0 = Debug|x86
		{F92740EF-78EC-49BB-907F-655FCD7B71C1}.Debug|x64.ActiveCfg = Debug|x86
		{F92740EF-78EC-49BB-907F-655FCD7B71C1}.Debug|x86.ActiveCfg = Debug|x86
		{F92740EF-78EC-49BB-907F-655FCD7B71C1}.Debug|x86.Build.0 = Debug|x86
		{F92740EF-78EC-49BB-907F-655FCD7B71C1}.Release|Any CPU.ActiveCfg = Release|x86
		{F92740EF-78EC-49BB-907F-655FCD7B71C1}.Release|Any CPU.Build.0 = Release|x86
		{F92740EF-78EC-49BB-907F-655FCD7B71C1}.Release|x64.ActiveCfg = Release|x86
		{F92740EF-78EC-49BB-907F-655FCD7B71C1}.Release|x64.Build.0 = Release|x86
		{F92740EF-78EC-49BB-907F-655FCD7B71C1}.Release|x86.ActiveCfg = Release|x86
		{F92740EF-78EC-49BB-907F-655FCD7B71C1}.Release|x86.Build.0 = Release|x86
	EndGlobalSection
	GlobalSection(SolutionProperties) = preSolution
		HideSolutionNode = FALSE
	EndGlobalSection
	GlobalSection(ExtensibilityGlobals) = postSolution
		SolutionGuid = {741332A8-A1E8-4D60-9FF6-F861EBA90D68}
	EndGlobalSection
EndGlobal
